
Microsoft Visual Studio Solution File, Format Version 12.00
# Visual Studio Version 17
VisualStudioVersion = 17.6.33815.320
MinimumVisualStudioVersion = 10.0.40219.1
Project("{2150E333-8FDC-42A3-9474-1A3956D46DE8}") = "Churras", "Churras", "{D3C97B37-702E-4ABD-8F1B-3F7561F68B0E}"
EndProject
Project("{2150E333-8FDC-42A3-9474-1A3956D46DE8}") = "Kernel", "Kernel", "{51E6BE54-B943-4EF2-BBA5-2378418CB3AA}"
EndProject
Project("{9A19103F-16F7-4668-BE54-9A1E7A4F7556}") = "Empresa.Churras.Domain", "Empresa.Churras.Domain\Empresa.Churras.Domain.csproj", "{1164009B-9434-4C89-ACD1-9B46F24F0792}"
EndProject
Project("{9A19103F-16F7-4668-BE54-9A1E7A4F7556}") = "Empresa.Churras.Domain.Model", "Empresa.Churras.Domain.Model\Empresa.Churras.Domain.Model.csproj", "{B3949D66-F4A6-454C-91F9-156BF6C025DD}"
EndProject
Project("{9A19103F-16F7-4668-BE54-9A1E7A4F7556}") = "Empresa.Churras.Infrastructure", "Empresa.Churras.Infrastructure\Empresa.Churras.Infrastructure.csproj", "{69BCF592-4011-4C22-8A58-A0AD128AEF22}"
EndProject
Project("{9A19103F-16F7-4668-BE54-9A1E7A4F7556}") = "Empresa.Churras.Application", "Empresa.Churras.Application\Empresa.Churras.Application.csproj", "{8CCB024F-C0FF-4DB4-A8F7-F80AECBC9063}"
EndProject
Project("{9A19103F-16F7-4668-BE54-9A1E7A4F7556}") = "Empresa.Churras.Frontend", "Empresa.Churras.Frontend\Empresa.Churras.Frontend.csproj", "{56BD1AAA-FB2D-4663-B172-359C29BA4C51}"
EndProject
Project("{9A19103F-16F7-4668-BE54-9A1E7A4F7556}") = "Empresa.Churras.Tests", "Empresa.Churras.Tests\Empresa.Churras.Tests.csproj", "{639DE5BA-FAC8-41D8-A415-819BEABD1B24}"
EndProject
Project("{9A19103F-16F7-4668-BE54-9A1E7A4F7556}") = "Kernel.Domain", "..\Kernel\Kernel.Domain\Kernel.Domain.csproj", "{4FAB837D-8CA4-443C-8115-0A039E55971D}"
EndProject
Project("{9A19103F-16F7-4668-BE54-9A1E7A4F7556}") = "Kernel.Domain.Model", "..\Kernel\Kernel.Domain.Model\Kernel.Domain.Model.csproj", "{D1AB4ADA-8FB3-4581-9F49-A9B552EC218F}"
EndProject
Project("{9A19103F-16F7-4668-BE54-9A1E7A4F7556}") = "Kernel.Infra", "..\Kernel\Kernel.Infra\Kernel.Infra.csproj", "{93C306E3-C933-4ABB-9040-0A5F3167EB1B}"
EndProject
Global
	GlobalSection(SolutionConfigurationPlatforms) = preSolution
		Debug|Any CPU = Debug|Any CPU
		Release|Any CPU = Release|Any CPU
	EndGlobalSection
	GlobalSection(ProjectConfigurationPlatforms) = postSolution
		{1164009B-9434-4C89-ACD1-9B46F24F0792}.Debug|Any CPU.ActiveCfg = Debug|Any CPU
		{1164009B-9434-4C89-ACD1-9B46F24F0792}.Debug|Any CPU.Build.0 = Debug|Any CPU
		{1164009B-9434-4C89-ACD1-9B46F24F0792}.Release|Any CPU.ActiveCfg = Release|Any CPU
		{1164009B-9434-4C89-ACD1-9B46F24F0792}.Release|Any CPU.Build.0 = Release|Any CPU
		{B3949D66-F4A6-454C-91F9-156BF6C025DD}.Debug|Any CPU.ActiveCfg = Debug|Any CPU
		{B3949D66-F4A6-454C-91F9-156BF6C025DD}.Debug|Any CPU.Build.0 = Debug|Any CPU
		{B3949D66-F4A6-454C-91F9-156BF6C025DD}.Release|Any CPU.ActiveCfg = Release|Any CPU
		{B3949D66-F4A6-454C-91F9-156BF6C025DD}.Release|Any CPU.Build.0 = Release|Any CPU
		{69BCF592-4011-4C22-8A58-A0AD128AEF22}.Debug|Any CPU.ActiveCfg = Debug|Any CPU
		{69BCF592-4011-4C22-8A58-A0AD128AEF22}.Debug|Any CPU.Build.0 = Debug|Any CPU
		{69BCF592-4011-4C22-8A58-A0AD128AEF22}.Release|Any CPU.ActiveCfg = Release|Any CPU
		{69BCF592-4011-4C22-8A58-A0AD128AEF22}.Release|Any CPU.Build.0 = Release|Any CPU
		{8CCB024F-C0FF-4DB4-A8F7-F80AECBC9063}.Debug|Any CPU.ActiveCfg = Debug|Any CPU
		{8CCB024F-C0FF-4DB4-A8F7-F80AECBC9063}.Debug|Any CPU.Build.0 = Debug|Any CPU
		{8CCB024F-C0FF-4DB4-A8F7-F80AECBC9063}.Release|Any CPU.ActiveCfg = Release|Any CPU
		{8CCB024F-C0FF-4DB4-A8F7-F80AECBC9063}.Release|Any CPU.Build.0 = Release|Any CPU
		{56BD1AAA-FB2D-4663-B172-359C29BA4C51}.Debug|Any CPU.ActiveCfg = Debug|Any CPU
		{56BD1AAA-FB2D-4663-B172-359C29BA4C51}.Debug|Any CPU.Build.0 = Debug|Any CPU
		{56BD1AAA-FB2D-4663-B172-359C29BA4C51}.Release|Any CPU.ActiveCfg = Release|Any CPU
		{56BD1AAA-FB2D-4663-B172-359C29BA4C51}.Release|Any CPU.Build.0 = Release|Any CPU
		{639DE5BA-FAC8-41D8-A415-819BEABD1B24}.Debug|Any CPU.ActiveCfg = Debug|Any CPU
		{639DE5BA-FAC8-41D8-A415-819BEABD1B24}.Debug|Any CPU.Build.0 = Debug|Any CPU
		{639DE5BA-FAC8-41D8-A415-819BEABD1B24}.Release|Any CPU.ActiveCfg = Release|Any CPU
		{639DE5BA-FAC8-41D8-A415-819BEABD1B24}.Release|Any CPU.Build.0 = Release|Any CPU
		{4FAB837D-8CA4-443C-8115-0A039E55971D}.Debug|Any CPU.ActiveCfg = Debug|Any CPU
		{4FAB837D-8CA4-443C-8115-0A039E55971D}.Debug|Any CPU.Build.0 = Debug|Any CPU
		{4FAB837D-8CA4-443C-8115-0A039E55971D}.Release|Any CPU.ActiveCfg = Release|Any CPU
		{4FAB837D-8CA4-443C-8115-0A039E55971D}.Release|Any CPU.Build.0 = Release|Any CPU
		{D1AB4ADA-8FB3-4581-9F49-A9B552EC218F}.Debug|Any CPU.ActiveCfg = Debug|Any CPU
		{D1AB4ADA-8FB3-4581-9F49-A9B552EC218F}.Debug|Any CPU.Build.0 = Debug|Any CPU
		{D1AB4ADA-8FB3-4581-9F49-A9B552EC218F}.Release|Any CPU.ActiveCfg = Release|Any CPU
		{D1AB4ADA-8FB3-4581-9F49-A9B552EC218F}.Release|Any CPU.Build.0 = Release|Any CPU
		{93C306E3-C933-4ABB-9040-0A5F3167EB1B}.Debug|Any CPU.ActiveCfg = Debug|Any CPU
		{93C306E3-C933-4ABB-9040-0A5F3167EB1B}.Debug|Any CPU.Build.0 = Debug|Any CPU
		{93C306E3-C933-4ABB-9040-0A5F3167EB1B}.Release|Any CPU.ActiveCfg = Release|Any CPU
		{93C306E3-C933-4ABB-9040-0A5F3167EB1B}.Release|Any CPU.Build.0 = Release|Any CPU
	EndGlobalSection
	GlobalSection(SolutionProperties) = preSolution
		HideSolutionNode = FALSE
	EndGlobalSection
	GlobalSection(NestedProjects) = preSolution
		{1164009B-9434-4C89-ACD1-9B46F24F0792} = {D3C97B37-702E-4ABD-8F1B-3F7561F68B0E}
		{B3949D66-F4A6-454C-91F9-156BF6C025DD} = {D3C97B37-702E-4ABD-8F1B-3F7561F68B0E}
		{69BCF592-4011-4C22-8A58-A0AD128AEF22} = {D3C97B37-702E-4ABD-8F1B-3F7561F68B0E}
		{8CCB024F-C0FF-4DB4-A8F7-F80AECBC9063} = {D3C97B37-702E-4ABD-8F1B-3F7561F68B0E}
		{56BD1AAA-FB2D-4663-B172-359C29BA4C51} = {D3C97B37-702E-4ABD-8F1B-3F7561F68B0E}
		{639DE5BA-FAC8-41D8-A415-819BEABD1B24} = {D3C97B37-702E-4ABD-8F1B-3F7561F68B0E}
		{4FAB837D-8CA4-443C-8115-0A039E55971D} = {51E6BE54-B943-4EF2-BBA5-2378418CB3AA}
		{D1AB4ADA-8FB3-4581-9F49-A9B552EC218F} = {51E6BE54-B943-4EF2-BBA5-2378418CB3AA}
		{93C306E3-C933-4ABB-9040-0A5F3167EB1B} = {51E6BE54-B943-4EF2-BBA5-2378418CB3AA}
	EndGlobalSection
	GlobalSection(ExtensibilityGlobals) = postSolution
		SolutionGuid = {7E9104B6-7A9F-4A0E-B7A6-BC4A5A7C8104}
	EndGlobalSection
EndGlobal
